{
  "version": 4,
  "terraform_version": "0.14.4",
  "serial": 3,
  "lineage": "2d97eeb6-b83c-a6cd-2c11-f54269158972",
  "outputs": {},
  "resources": [
    {
      "mode": "managed",
      "type": "aws_s3_bucket",
      "name": "bucket",
      "provider": "provider[\"registry.terraform.io/hashicorp/aws\"]",
      "instances": [
        {
          "schema_version": 0,
          "attributes": {
            "acceleration_status": "",
            "acl": "private",
            "arn": "arn:aws:s3:::my-terra-devops-test",
            "bucket": "my-terra-devops-test",
            "bucket_domain_name": "my-terra-devops-test.s3.amazonaws.com",
            "bucket_prefix": null,
            "bucket_regional_domain_name": "my-terra-devops-test.s3.us-east-2.amazonaws.com",
            "cors_rule": [],
            "force_destroy": false,
            "grant": [],
            "hosted_zone_id": "Z2O1EMRO9K5GLX",
            "id": "my-terra-devops-test",
            "lifecycle_rule": [],
            "logging": [],
            "object_lock_configuration": [],
            "policy": null,
            "region": "us-east-2",
            "replication_configuration": [],
            "request_payer": "BucketOwner",
            "server_side_encryption_configuration": [],
            "tags": {
              "Environment": "Dev",
              "Name": "My bucket"
            },
            "versioning": [
              {
                "enabled": false,
                "mfa_delete": false
              }
            ],
            "website": [],
            "website_domain": null,
            "website_endpoint": null
          },
          "sensitive_attributes": [],
          "private": "bnVsbA=="
        }
      ]
    }
  ]
}
